
Microsoft Visual Studio Solution File, Format Version 12.00
# Visual Studio Version 17
VisualStudioVersion = 17.4.33205.214
MinimumVisualStudioVersion = 10.0.40219.1
Project("{9A19103F-16F7-4668-BE54-9A1E7A4F7556}") = "Pokedex.ConsoleApp", "Pokedex.ConsoleApp\Pokedex.ConsoleApp.csproj", "{B4743C56-5646-451F-ACBD-A522DF457E5C}"
EndProject
Project("{FAE04EC0-301F-11D3-BF4B-00C04F79EFBC}") = "Pokedex.Models", "Pokedex.Models\Pokedex.Models.csproj", "{48B780E5-DEA2-42D2-934B-D72E6C7F7AC8}"
EndProject
Project("{FAE04EC0-301F-11D3-BF4B-00C04F79EFBC}") = "Pokedex.Logic", "Pokedex.Logic\Pokedex.Logic.csproj", "{34C19E2A-9E6A-4BBD-A233-08BEAA34A0A6}"
EndProject
Global
	GlobalSection(SolutionConfigurationPlatforms) = preSolution
		Debug|Any CPU = Debug|Any CPU
		Release|Any CPU = Release|Any CPU
	EndGlobalSection
	GlobalSection(ProjectConfigurationPlatforms) = postSolution
		{B4743C56-5646-451F-ACBD-A522DF457E5C}.Debug|Any CPU.ActiveCfg = Debug|Any CPU
		{B4743C56-5646-451F-ACBD-A522DF457E5C}.Debug|Any CPU.Build.0 = Debug|Any CPU
		{B4743C56-5646-451F-ACBD-A522DF457E5C}.Release|Any CPU.ActiveCfg = Release|Any CPU
		{B4743C56-5646-451F-ACBD-A522DF457E5C}.Release|Any CPU.Build.0 = Release|Any CPU
		{48B780E5-DEA2-42D2-934B-D72E6C7F7AC8}.Debug|Any CPU.ActiveCfg = Debug|Any CPU
		{48B780E5-DEA2-42D2-934B-D72E6C7F7AC8}.Debug|Any CPU.Build.0 = Debug|Any CPU
		{48B780E5-DEA2-42D2-934B-D72E6C7F7AC8}.Release|Any CPU.ActiveCfg = Release|Any CPU
		{48B780E5-DEA2-42D2-934B-D72E6C7F7AC8}.Release|Any CPU.Build.0 = Release|Any CPU
		{34C19E2A-9E6A-4BBD-A233-08BEAA34A0A6}.Debug|Any CPU.ActiveCfg = Debug|Any CPU
		{34C19E2A-9E6A-4BBD-A233-08BEAA34A0A6}.Debug|Any CPU.Build.0 = Debug|Any CPU
		{34C19E2A-9E6A-4BBD-A233-08BEAA34A0A6}.Release|Any CPU.ActiveCfg = Release|Any CPU
		{34C19E2A-9E6A-4BBD-A233-08BEAA34A0A6}.Release|Any CPU.Build.0 = Release|Any CPU
	EndGlobalSection
	GlobalSection(SolutionProperties) = preSolution
		HideSolutionNode = FALSE
	EndGlobalSection
	GlobalSection(ExtensibilityGlobals) = postSolution
		SolutionGuid = {72A5DBF2-0899-4268-A5FB-539090E4F4C5}
	EndGlobalSection
EndGlobal
